// !$*UTF8*$!
{
	archiveVersion = 1;
	classes = {
	};
	objectVersion = 46;
	objects = {

/* Begin PBXBuildFile section */
		225690EE1BB3B97400BF032B /* Fractal.m in Sources */ = {isa = PBXBuildFile; fileRef = 225690ED1BB3B97400BF032B /* Fractal.m */; settings = {ASSET_TAGS = (); }; };
		22B658391B5F7A8500BD47D7 /* AppDelegate.m in Sources */ = {isa = PBXBuildFile; fileRef = 22B658381B5F7A8500BD47D7 /* AppDelegate.m */; };
		22B6583B1B5F7A8500BD47D7 /* main.m in Sources */ = {isa = PBXBuildFile; fileRef = 22B6583A1B5F7A8500BD47D7 /* main.m */; };
		22B6583E1B5F7A8500BD47D7 /* ViewController.m in Sources */ = {isa = PBXBuildFile; fileRef = 22B6583D1B5F7A8500BD47D7 /* ViewController.m */; };
		22B658401B5F7A8500BD47D7 /* Images.xcassets in Resources */ = {isa = PBXBuildFile; fileRef = 22B6583F1B5F7A8500BD47D7 /* Images.xcassets */; };
		22B658431B5F7A8500BD47D7 /* Main.storyboard in Resources */ = {isa = PBXBuildFile; fileRef = 22B658411B5F7A8500BD47D7 /* Main.storyboard */; };
		22B6584F1B5F7A8500BD47D7 /* FractalQuartzTests.m in Sources */ = {isa = PBXBuildFile; fileRef = 22B6584E1B5F7A8500BD47D7 /* FractalQuartzTests.m */; };
		22B6585A1B5F7A9C00BD47D7 /* MyView.m in Sources */ = {isa = PBXBuildFile; fileRef = 22B658591B5F7A9C00BD47D7 /* MyView.m */; };
		22EE24A11BBFC6B5007C409F /* iteratekernel.cl in Sources */ = {isa = PBXBuildFile; fileRef = 22EE24A01BBFC6B5007C409F /* iteratekernel.cl */; settings = {ASSET_TAGS = (); }; };
/* End PBXBuildFile section */

/* Begin PBXContainerItemProxy section */
		22B658491B5F7A8500BD47D7 /* PBXContainerItemProxy */ = {
			isa = PBXContainerItemProxy;
			containerPortal = 22B6582A1B5F7A8500BD47D7 /* Project object */;
			proxyType = 1;
			remoteGlobalIDString = 22B658311B5F7A8500BD47D7;
			remoteInfo = FractalQuartz;
		};
/* End PBXContainerItemProxy section */

/* Begin PBXFileReference section */
		225690EC1BB3B97400BF032B /* Fractal.h */ = {isa = PBXFileReference; fileEncoding = 4; lastKnownFileType = sourcecode.c.h; path = Fractal.h; sourceTree = "<group>"; };
		225690ED1BB3B97400BF032B /* Fractal.m */ = {isa = PBXFileReference; fileEncoding = 4; lastKnownFileType = sourcecode.c.objc; path = Fractal.m; sourceTree = "<group>"; };
		22B658321B5F7A8500BD47D7 /* e.pi.i.mac.app */ = {isa = PBXFileReference; explicitFileType = wrapper.application; includeInIndex = 0; path = e.pi.i.mac.app; sourceTree = BUILT_PRODUCTS_DIR; };
		22B658361B5F7A8500BD47D7 /* Info.plist */ = {isa = PBXFileReference; lastKnownFileType = text.plist.xml; path = Info.plist; sourceTree = "<group>"; };
		22B658371B5F7A8500BD47D7 /* AppDelegate.h */ = {isa = PBXFileReference; lastKnownFileType = sourcecode.c.h; path = AppDelegate.h; sourceTree = "<group>"; };
		22B658381B5F7A8500BD47D7 /* AppDelegate.m */ = {isa = PBXFileReference; lastKnownFileType = sourcecode.c.objc; path = AppDelegate.m; sourceTree = "<group>"; };
		22B6583A1B5F7A8500BD47D7 /* main.m */ = {isa = PBXFileReference; lastKnownFileType = sourcecode.c.objc; path = main.m; sourceTree = "<group>"; };
		22B6583C1B5F7A8500BD47D7 /* ViewController.h */ = {isa = PBXFileReference; lastKnownFileType = sourcecode.c.h; path = ViewController.h; sourceTree = "<group>"; };
		22B6583D1B5F7A8500BD47D7 /* ViewController.m */ = {isa = PBXFileReference; lastKnownFileType = sourcecode.c.objc; path = ViewController.m; sourceTree = "<group>"; };
		22B6583F1B5F7A8500BD47D7 /* Images.xcassets */ = {isa = PBXFileReference; lastKnownFileType = folder.assetcatalog; path = Images.xcassets; sourceTree = "<group>"; };
		22B658421B5F7A8500BD47D7 /* Base */ = {isa = PBXFileReference; lastKnownFileType = file.storyboard; name = Base; path = Base.lproj/Main.storyboard; sourceTree = "<group>"; };
		22B658481B5F7A8500BD47D7 /* e.pi.i.mac.xctest */ = {isa = PBXFileReference; explicitFileType = wrapper.cfbundle; includeInIndex = 0; path = e.pi.i.mac.xctest; sourceTree = BUILT_PRODUCTS_DIR; };
		22B6584D1B5F7A8500BD47D7 /* Info.plist */ = {isa = PBXFileReference; lastKnownFileType = text.plist.xml; path = Info.plist; sourceTree = "<group>"; };
		22B6584E1B5F7A8500BD47D7 /* FractalQuartzTests.m */ = {isa = PBXFileReference; lastKnownFileType = sourcecode.c.objc; path = FractalQuartzTests.m; sourceTree = "<group>"; };
		22B658581B5F7A9C00BD47D7 /* MyView.h */ = {isa = PBXFileReference; fileEncoding = 4; lastKnownFileType = sourcecode.c.h; path = MyView.h; sourceTree = "<group>"; };
		22B658591B5F7A9C00BD47D7 /* MyView.m */ = {isa = PBXFileReference; fileEncoding = 4; lastKnownFileType = sourcecode.c.objc; path = MyView.m; sourceTree = "<group>"; };
		22EE24A01BBFC6B5007C409F /* iteratekernel.cl */ = {isa = PBXFileReference; fileEncoding = 4; lastKnownFileType = sourcecode.opencl; path = iteratekernel.cl; sourceTree = "<group>"; };
/* End PBXFileReference section */

/* Begin PBXFrameworksBuildPhase section */
		22B6582F1B5F7A8500BD47D7 /* Frameworks */ = {
			isa = PBXFrameworksBuildPhase;
			buildActionMask = 2147483647;
			files = (
			);
			runOnlyForDeploymentPostprocessing = 0;
		};
		22B658451B5F7A8500BD47D7 /* Frameworks */ = {
			isa = PBXFrameworksBuildPhase;
			buildActionMask = 2147483647;
			files = (
			);
			runOnlyForDeploymentPostprocessing = 0;
		};
/* End PBXFrameworksBuildPhase section */

/* Begin PBXGroup section */
		22B658291B5F7A8500BD47D7 = {
			isa = PBXGroup;
			children = (
				22B658341B5F7A8500BD47D7 /* e.pi.i.mac */,
				22B6584B1B5F7A8500BD47D7 /* e.pi.i.macTests */,
				22B658331B5F7A8500BD47D7 /* Products */,
			);
			sourceTree = "<group>";
		};
		22B658331B5F7A8500BD47D7 /* Products */ = {
			isa = PBXGroup;
			children = (
				22B658321B5F7A8500BD47D7 /* e.pi.i.mac.app */,
				22B658481B5F7A8500BD47D7 /* e.pi.i.mac.xctest */,
			);
			name = Products;
			sourceTree = "<group>";
		};
		22B658341B5F7A8500BD47D7 /* e.pi.i.mac */ = {
			isa = PBXGroup;
			children = (
				22B658371B5F7A8500BD47D7 /* AppDelegate.h */,
				22B658381B5F7A8500BD47D7 /* AppDelegate.m */,
				225690EC1BB3B97400BF032B /* Fractal.h */,
				225690ED1BB3B97400BF032B /* Fractal.m */,
				22EE24A01BBFC6B5007C409F /* iteratekernel.cl */,
				22B6583C1B5F7A8500BD47D7 /* ViewController.h */,
				22B6583D1B5F7A8500BD47D7 /* ViewController.m */,
				22B6583F1B5F7A8500BD47D7 /* Images.xcassets */,
				22B658411B5F7A8500BD47D7 /* Main.storyboard */,
				22B658351B5F7A8500BD47D7 /* Supporting Files */,
				22B658581B5F7A9C00BD47D7 /* MyView.h */,
				22B658591B5F7A9C00BD47D7 /* MyView.m */,
			);
			path = e.pi.i.mac;
			sourceTree = "<group>";
		};
		22B658351B5F7A8500BD47D7 /* Supporting Files */ = {
			isa = PBXGroup;
			children = (
				22B658361B5F7A8500BD47D7 /* Info.plist */,
				22B6583A1B5F7A8500BD47D7 /* main.m */,
			);
			name = "Supporting Files";
			sourceTree = "<group>";
		};
		22B6584B1B5F7A8500BD47D7 /* e.pi.i.macTests */ = {
			isa = PBXGroup;
			children = (
				22B6584E1B5F7A8500BD47D7 /* FractalQuartzTests.m */,
				22B6584C1B5F7A8500BD47D7 /* Supporting Files */,
			);
			path = e.pi.i.macTests;
			sourceTree = "<group>";
		};
		22B6584C1B5F7A8500BD47D7 /* Supporting Files */ = {
			isa = PBXGroup;
			children = (
				22B6584D1B5F7A8500BD47D7 /* Info.plist */,
			);
			name = "Supporting Files";
			sourceTree = "<group>";
		};
/* End PBXGroup section */

/* Begin PBXNativeTarget section */
		22B658311B5F7A8500BD47D7 /* e.pi.i.mac */ = {
			isa = PBXNativeTarget;
			buildConfigurationList = 22B658521B5F7A8500BD47D7 /* Build configuration list for PBXNativeTarget "e.pi.i.mac" */;
			buildPhases = (
				22B6582E1B5F7A8500BD47D7 /* Sources */,
				22B6582F1B5F7A8500BD47D7 /* Frameworks */,
				22B658301B5F7A8500BD47D7 /* Resources */,
			);
			buildRules = (
			);
			dependencies = (
			);
			name = e.pi.i.mac;
			productName = FractalQuartz;
			productReference = 22B658321B5F7A8500BD47D7 /* e.pi.i.mac.app */;
			productType = "com.apple.product-type.application";
		};
		22B658471B5F7A8500BD47D7 /* e.pi.i.macTests */ = {
			isa = PBXNativeTarget;
			buildConfigurationList = 22B658551B5F7A8500BD47D7 /* Build configuration list for PBXNativeTarget "e.pi.i.macTests" */;
			buildPhases = (
				22B658441B5F7A8500BD47D7 /* Sources */,
				22B658451B5F7A8500BD47D7 /* Frameworks */,
				22B658461B5F7A8500BD47D7 /* Resources */,
			);
			buildRules = (
			);
			dependencies = (
				22B6584A1B5F7A8500BD47D7 /* PBXTargetDependency */,
			);
			name = e.pi.i.macTests;
			productName = FractalQuartzTests;
			productReference = 22B658481B5F7A8500BD47D7 /* e.pi.i.mac.xctest */;
			productType = "com.apple.product-type.bundle.unit-test";
		};
/* End PBXNativeTarget section */

/* Begin PBXProject section */
		22B6582A1B5F7A8500BD47D7 /* Project object */ = {
			isa = PBXProject;
			attributes = {
				LastUpgradeCheck = 0640;
				ORGANIZATIONNAME = "Sam Bender";
				TargetAttributes = {
					22B658311B5F7A8500BD47D7 = {
						CreatedOnToolsVersion = 6.4;
					};
					22B658471B5F7A8500BD47D7 = {
						CreatedOnToolsVersion = 6.4;
						TestTargetID = 22B658311B5F7A8500BD47D7;
					};
				};
			};
			buildConfigurationList = 22B6582D1B5F7A8500BD47D7 /* Build configuration list for PBXProject "e.pi.i.mac" */;
			compatibilityVersion = "Xcode 3.2";
			developmentRegion = English;
			hasScannedForEncodings = 0;
			knownRegions = (
				en,
				Base,
			);
			mainGroup = 22B658291B5F7A8500BD47D7;
			productRefGroup = 22B658331B5F7A8500BD47D7 /* Products */;
			projectDirPath = "";
			projectRoot = "";
			targets = (
				22B658311B5F7A8500BD47D7 /* e.pi.i.mac */,
				22B658471B5F7A8500BD47D7 /* e.pi.i.macTests */,
			);
		};
/* End PBXProject section */

/* Begin PBXResourcesBuildPhase section */
		22B658301B5F7A8500BD47D7 /* Resources */ = {
			isa = PBXResourcesBuildPhase;
			buildActionMask = 2147483647;
			files = (
				22B658401B5F7A8500BD47D7 /* Images.xcassets in Resources */,
				22B658431B5F7A8500BD47D7 /* Main.storyboard in Resources */,
			);
			runOnlyForDeploymentPostprocessing = 0;
		};
		22B658461B5F7A8500BD47D7 /* Resources */ = {
			isa = PBXResourcesBuildPhase;
			buildActionMask = 2147483647;
			files = (
			);
			runOnlyForDeploymentPostprocessing = 0;
		};
/* End PBXResourcesBuildPhase section */

/* Begin PBXSourcesBuildPhase section */
		22B6582E1B5F7A8500BD47D7 /* Sources */ = {
			isa = PBXSourcesBuildPhase;
			buildActionMask = 2147483647;
			files = (
				22B6585A1B5F7A9C00BD47D7 /* MyView.m in Sources */,
				22B6583E1B5F7A8500BD47D7 /* ViewController.m in Sources */,
				22B6583B1B5F7A8500BD47D7 /* main.m in Sources */,
				22B658391B5F7A8500BD47D7 /* AppDelegate.m in Sources */,
				22EE24A11BBFC6B5007C409F /* iteratekernel.cl in Sources */,
				225690EE1BB3B97400BF032B /* Fractal.m in Sources */,
			);
			runOnlyForDeploymentPostprocessing = 0;
		};
		22B658441B5F7A8500BD47D7 /* Sources */ = {
			isa = PBXSourcesBuildPhase;
			buildActionMask = 2147483647;
			files = (
				22B6584F1B5F7A8500BD47D7 /* FractalQuartzTests.m in Sources */,
			);
			runOnlyForDeploymentPostprocessing = 0;
		};
/* End PBXSourcesBuildPhase section */

/* Begin PBXTargetDependency section */
		22B6584A1B5F7A8500BD47D7 /* PBXTargetDependency */ = {
			isa = PBXTargetDependency;
			target = 22B658311B5F7A8500BD47D7 /* e.pi.i.mac */;
			targetProxy = 22B658491B5F7A8500BD47D7 /* PBXContainerItemProxy */;
		};
/* End PBXTargetDependency section */

/* Begin PBXVariantGroup section */
		22B658411B5F7A8500BD47D7 /* Main.storyboard */ = {
			isa = PBXVariantGroup;
			children = (
				22B658421B5F7A8500BD47D7 /* Base */,
			);
			name = Main.storyboard;
			sourceTree = "<group>";
		};
/* End PBXVariantGroup section */

/* Begin XCBuildConfiguration section */
		22B658501B5F7A8500BD47D7 /* Debug */ = {
			isa = XCBuildConfiguration;
			buildSettings = {
				ALWAYS_SEARCH_USER_PATHS = NO;
				CLANG_CXX_LANGUAGE_STANDARD = "gnu++0x";
				CLANG_CXX_LIBRARY = "libc++";
				CLANG_ENABLE_MODULES = YES;
				CLANG_ENABLE_OBJC_ARC = YES;
				CLANG_WARN_BOOL_CONVERSION = YES;
				CLANG_WARN_CONSTANT_CONVERSION = YES;
				CLANG_WARN_DIRECT_OBJC_ISA_USAGE = YES_ERROR;
				CLANG_WARN_EMPTY_BODY = YES;
				CLANG_WARN_ENUM_CONVERSION = YES;
				CLANG_WARN_INT_CONVERSION = YES;
				CLANG_WARN_OBJC_ROOT_CLASS = YES_ERROR;
				CLANG_WARN_UNREACHABLE_CODE = YES;
				CLANG_WARN__DUPLICATE_METHOD_MATCH = YES;
				CODE_SIGN_IDENTITY = "-";
				COPY_PHASE_STRIP = NO;
				DEBUG_INFORMATION_FORMAT = dwarf;
				ENABLE_STRICT_OBJC_MSGSEND = YES;
				GCC_C_LANGUAGE_STANDARD = gnu99;
				GCC_DYNAMIC_NO_PIC = NO;
				GCC_NO_COMMON_BLOCKS = YES;
				GCC_OPTIMIZATION_LEVEL = 0;
				GCC_PREPROCESSOR_DEFINITIONS = (
					"DEBUG=1",
					"$(inherited)",
				);
				GCC_SYMBOLS_PRIVATE_EXTERN = NO;
				GCC_WARN_64_TO_32_BIT_CONVERSION = YES;
				GCC_WARN_ABOUT_RETURN_TYPE = YES_ERROR;
				GCC_WARN_UNDECLARED_SELECTOR = YES;
				GCC_WARN_UNINITIALIZED_AUTOS = YES_AGGRESSIVE;
				GCC_WARN_UNUSED_FUNCTION = YES;
				GCC_WARN_UNUSED_VARIABLE = YES;
				MACOSX_DEPLOYMENT_TARGET = 10.10;
				MTL_ENABLE_DEBUG_INFO = YES;
				ONLY_ACTIVE_ARCH = YES;
				SDKROOT = macosx;
			};
			name = Debug;
		};
		22B658511B5F7A8500BD47D7 /* Release */ = {
			isa = XCBuildConfiguration;
			buildSettings = {
				ALWAYS_SEARCH_USER_PATHS = NO;
				CLANG_CXX_LANGUAGE_STANDARD = "gnu++0x";
				CLANG_CXX_LIBRARY = "libc++";
				CLANG_ENABLE_MODULES = YES;
				CLANG_ENABLE_OBJC_ARC = YES;
				CLANG_WARN_BOOL_CONVERSION = YES;
				CLANG_WARN_CONSTANT_CONVERSION = YES;
				CLANG_WARN_DIRECT_OBJC_ISA_USAGE = YES_ERROR;
				CLANG_WARN_EMPTY_BODY = YES;
				CLANG_WARN_ENUM_CONVERSION = YES;
				CLANG_WARN_INT_CONVERSION = YES;
				CLANG_WARN_OBJC_ROOT_CLASS = YES_ERROR;
				CLANG_WARN_UNREACHABLE_CODE = YES;
				CLANG_WARN__DUPLICATE_METHOD_MATCH = YES;
				CODE_SIGN_IDENTITY = "-";
				COPY_PHASE_STRIP = NO;
				DEBUG_INFORMATION_FORMAT = "dwarf-with-dsym";
				ENABLE_NS_ASSERTIONS = NO;
				ENABLE_STRICT_OBJC_MSGSEND = YES;
				GCC_C_LANGUAGE_STANDARD = gnu99;
				GCC_NO_COMMON_BLOCKS = YES;
				GCC_WARN_64_TO_32_BIT_CONVERSION = YES;
				GCC_WARN_ABOUT_RETURN_TYPE = YES_ERROR;
				GCC_WARN_UNDECLARED_SELECTOR = YES;
				GCC_WARN_UNINITIALIZED_AUTOS = YES_AGGRESSIVE;
				GCC_WARN_UNUSED_FUNCTION = YES;
				GCC_WARN_UNUSED_VARIABLE = YES;
				MACOSX_DEPLOYMENT_TARGET = 10.10;
				MTL_ENABLE_DEBUG_INFO = NO;
				SDKROOT = macosx;
			};
			name = Release;
		};
		22B658531B5F7A8500BD47D7 /* Debug */ = {
			isa = XCBuildConfiguration;
			buildSettings = {
				ASSETCATALOG_COMPILER_APPICON_NAME = AppIcon;
				COMBINE_HIDPI_IMAGES = YES;
				INFOPLIST_FILE = e.pi.i.mac/Info.plist;
				LD_RUNPATH_SEARCH_PATHS = "$(inherited) @executable_path/../Frameworks";
				PRODUCT_NAME = e.pi.i.mac;
			};
			name = Debug;
		};
		22B658541B5F7A8500BD47D7 /* Release */ = {
			isa = XCBuildConfiguration;
			buildSettings = {
				ASSETCATALOG_COMPILER_APPICON_NAME = AppIcon;
				COMBINE_HIDPI_IMAGES = YES;
				INFOPLIST_FILE = e.pi.i.mac/Info.plist;
				LD_RUNPATH_SEARCH_PATHS = "$(inherited) @executable_path/../Frameworks";
				PRODUCT_NAME = e.pi.i.mac;
			};
			name = Release;
		};
		22B658561B5F7A8500BD47D7 /* Debug */ = {
			isa = XCBuildConfiguration;
			buildSettings = {
				BUNDLE_LOADER = "$(TEST_HOST)";
				COMBINE_HIDPI_IMAGES = YES;
				FRAMEWORK_SEARCH_PATHS = (
					"$(DEVELOPER_FRAMEWORKS_DIR)",
					"$(inherited)",
				);
				GCC_PREPROCESSOR_DEFINITIONS = (
					"DEBUG=1",
					"$(inherited)",
				);
				INFOPLIST_FILE = e.pi.i.macTests/Info.plist;
				LD_RUNPATH_SEARCH_PATHS = "$(inherited) @executable_path/../Frameworks @loader_path/../Frameworks";
				PRODUCT_NAME = e.pi.i.mac;
				TEST_HOST = "$(BUILT_PRODUCTS_DIR)/e.pi.i.mac.app/Contents/MacOS/e.pi.i.mac";
			};
			name = Debug;
		};
		22B658571B5F7A8500BD47D7 /* Release */ = {
			isa = XCBuildConfiguration;
			buildSettings = {
				BUNDLE_LOADER = "$(TEST_HOST)";
				COMBINE_HIDPI_IMAGES = YES;
				FRAMEWORK_SEARCH_PATHS = (
					"$(DEVELOPER_FRAMEWORKS_DIR)",
					"$(inherited)",
				);
				INFOPLIST_FILE = e.pi.i.macTests/Info.plist;
				LD_RUNPATH_SEARCH_PATHS = "$(inherited) @executable_path/../Frameworks @loader_path/../Frameworks";
				PRODUCT_NAME = e.pi.i.mac;
				TEST_HOST = "$(BUILT_PRODUCTS_DIR)/e.pi.i.mac.app/Contents/MacOS/e.pi.i.mac";
			};
			name = Release;
		};
/* End XCBuildConfiguration section */

/* Begin XCConfigurationList section */
		22B6582D1B5F7A8500BD47D7 /* Build configuration list for PBXProject "e.pi.i.mac" */ = {
			isa = XCConfigurationList;
			buildConfigurations = (
				22B658501B5F7A8500BD47D7 /* Debug */,
				22B658511B5F7A8500BD47D7 /* Release */,
			);
			defaultConfigurationIsVisible = 0;
			defaultConfigurationName = Release;
		};
		22B658521B5F7A8500BD47D7 /* Build configuration list for PBXNativeTarget "e.pi.i.mac" */ = {
			isa = XCConfigurationList;
			buildConfigurations = (
				22B658531B5F7A8500BD47D7 /* Debug */,
				22B658541B5F7A8500BD47D7 /* Release */,
			);
			defaultConfigurationIsVisible = 0;
			defaultConfigurationName = Release;
		};
		22B658551B5F7A8500BD47D7 /* Build configuration list for PBXNativeTarget "e.pi.i.macTests" */ = {
			isa = XCConfigurationList;
			buildConfigurations = (
				22B658561B5F7A8500BD47D7 /* Debug */,
				22B658571B5F7A8500BD47D7 /* Release */,
			);
			defaultConfigurationIsVisible = 0;
			defaultConfigurationName = Release;
		};
/* End XCConfigurationList section */
	};
	rootObject = 22B6582A1B5F7A8500BD47D7 /* Project object */;
}
